Microsoft Visual Studio Solution File, Format Version 12.00
# Visual Studio Version 17
VisualStudioVersion = 17.5.2.0
MinimumVisualStudioVersion = 10.0.40219.1
Project("{FAE04EC0-301F-11D3-BF4B-00C04F79EFBC}") = "ShopThoiTrangNam", "ShopThoiTrangNam.csproj", "{094C2F38-0E97-89EA-DAB7-A223826FEC90}"
EndProject
Global
	GlobalSection(SolutionConfigurationPlatforms) = preSolution
		Debug|Any CPU = Debug|Any CPU
		Release|Any CPU = Release|Any CPU
	EndGlobalSection
	GlobalSection(ProjectConfigurationPlatforms) = postSolution
		{094C2F38-0E97-89EA-DAB7-A223826FEC90}.Debug|Any CPU.ActiveCfg = Debug|Any CPU
		{094C2F38-0E97-89EA-DAB7-A223826FEC90}.Debug|Any CPU.Build.0 = Debug|Any CPU
		{094C2F38-0E97-89EA-DAB7-A223826FEC90}.Release|Any CPU.ActiveCfg = Release|Any CPU
		{094C2F38-0E97-89EA-DAB7-A223826FEC90}.Release|Any CPU.Build.0 = Release|Any CPU
	EndGlobalSection
	GlobalSection(SolutionProperties) = preSolution
		HideSolutionNode = FALSE
	EndGlobalSection
	GlobalSection(ExtensibilityGlobals) = postSolution
		SolutionGuid = {ACCB90DB-9B4A-4F03-867C-5B06ECA57A35}
	EndGlobalSection
EndGlobal
